
Microsoft Visual Studio Solution File, Format Version 12.00
# Visual Studio 15
VisualStudioVersion = 15.0.27428.2037
MinimumVisualStudioVersion = 10.0.40219.1
Project("{FAE04EC0-301F-11D3-BF4B-00C04F79EFBC}") = "DataTools", "DataTools\DataTools.csproj", "{CD89B646-F012-4CC9-BF0D-F7E052027536}"
EndProject
Global
	GlobalSection(SolutionConfigurationPlatforms) = preSolution
		Debug|Any CPU = Debug|Any CPU
		Release|Any CPU = Release|Any CPU
	EndGlobalSection
	GlobalSection(ProjectConfigurationPlatforms) = postSolution
		{CD89B646-F012-4CC9-BF0D-F7E052027536}.Debug|Any CPU.ActiveCfg = Debug|Any CPU
		{CD89B646-F012-4CC9-BF0D-F7E052027536}.Debug|Any CPU.Build.0 = Debug|Any CPU
		{CD89B646-F012-4CC9-BF0D-F7E052027536}.Release|Any CPU.ActiveCfg = Release|Any CPU
		{CD89B646-F012-4CC9-BF0D-F7E052027536}.Release|Any CPU.Build.0 = Release|Any CPU
	EndGlobalSection
	GlobalSection(SolutionProperties) = preSolution
		HideSolutionNode = FALSE
	EndGlobalSection
	GlobalSection(ExtensibilityGlobals) = postSolution
		SolutionGuid = {F7B36F5A-6375-41E0-B62B-D43C77CCBE66}
	EndGlobalSection
EndGlobal
